
Microsoft Visual Studio Solution File, Format Version 12.00
# Visual Studio Version 16
VisualStudioVersion = 16.0.32106.194
MinimumVisualStudioVersion = 10.0.40219.1
Project("{FAE04EC0-301F-11D3-BF4B-00C04F79EFBC}") = "BS.Unpacker", "BS.Unpacker\BS.Unpacker.csproj", "{86F4C78C-DFFC-4CBC-8AC8-0012B6FA72D9}"
EndProject
Global
	GlobalSection(SolutionConfigurationPlatforms) = preSolution
		Debug|Any CPU = Debug|Any CPU
		Release|Any CPU = Release|Any CPU
	EndGlobalSection
	GlobalSection(ProjectConfigurationPlatforms) = postSolution
		{86F4C78C-DFFC-4CBC-8AC8-0012B6FA72D9}.Debug|Any CPU.ActiveCfg = Debug|Any CPU
		{86F4C78C-DFFC-4CBC-8AC8-0012B6FA72D9}.Debug|Any CPU.Build.0 = Debug|Any CPU
		{86F4C78C-DFFC-4CBC-8AC8-0012B6FA72D9}.Release|Any CPU.ActiveCfg = Release|Any CPU
		{86F4C78C-DFFC-4CBC-8AC8-0012B6FA72D9}.Release|Any CPU.Build.0 = Release|Any CPU
	EndGlobalSection
	GlobalSection(SolutionProperties) = preSolution
		HideSolutionNode = FALSE
	EndGlobalSection
	GlobalSection(ExtensibilityGlobals) = postSolution
		SolutionGuid = {8423F5CE-53CE-46E2-B67A-AC7CD8ED0307}
	EndGlobalSection
EndGlobal
